
Microsoft Visual Studio Solution File, Format Version 12.00
# Visual Studio Version 17
VisualStudioVersion = 17.12.35527.113
MinimumVisualStudioVersion = 10.0.40219.1
Project("{FAE04EC0-301F-11D3-BF4B-00C04F79EFBC}") = "DevToys.JsonToPython", "src\DevToys.JsonToPython.csproj", "{97365341-699F-480C-AEE9-8D4ED9FBB625}"
EndProject
Project("{2150E333-8FDC-42A3-9474-1A3956D46DE8}") = "ソリューション項目", "ソリューション項目", "{71003C82-2B00-4222-804B-CEBD0D450AE8}"
EndProject
Project("{FAE04EC0-301F-11D3-BF4B-00C04F79EFBC}") = "DevToys.JsonToPythonTests", "DevToys.JsonToPythonTests\DevToys.JsonToPythonTests.csproj", "{DC51E108-6DAA-4C07-B92B-279BA5F9403A}"
EndProject
Global
	GlobalSection(SolutionConfigurationPlatforms) = preSolution
		Debug|Any CPU = Debug|Any CPU
		Release|Any CPU = Release|Any CPU
	EndGlobalSection
	GlobalSection(ProjectConfigurationPlatforms) = postSolution
		{97365341-699F-480C-AEE9-8D4ED9FBB625}.Debug|Any CPU.ActiveCfg = Debug|Any CPU
		{97365341-699F-480C-AEE9-8D4ED9FBB625}.Debug|Any CPU.Build.0 = Debug|Any CPU
		{97365341-699F-480C-AEE9-8D4ED9FBB625}.Release|Any CPU.ActiveCfg = Release|Any CPU
		{97365341-699F-480C-AEE9-8D4ED9FBB625}.Release|Any CPU.Build.0 = Release|Any CPU
		{DC51E108-6DAA-4C07-B92B-279BA5F9403A}.Debug|Any CPU.ActiveCfg = Debug|Any CPU
		{DC51E108-6DAA-4C07-B92B-279BA5F9403A}.Debug|Any CPU.Build.0 = Debug|Any CPU
		{DC51E108-6DAA-4C07-B92B-279BA5F9403A}.Release|Any CPU.ActiveCfg = Release|Any CPU
		{DC51E108-6DAA-4C07-B92B-279BA5F9403A}.Release|Any CPU.Build.0 = Release|Any CPU
	EndGlobalSection
	GlobalSection(SolutionProperties) = preSolution
		HideSolutionNode = FALSE
	EndGlobalSection
EndGlobal
